
Microsoft Visual Studio Solution File, Format Version 12.00
# Visual Studio 15
VisualStudioVersion = 15.0.28010.2003
MinimumVisualStudioVersion = 10.0.40219.1
Project("{FAE04EC0-301F-11D3-BF4B-00C04F79EFBC}") = "CSHW6", "CSHW6\CSHW6.csproj", "{163B27C1-E44B-43D3-A485-3665BC360CA1}"
EndProject
Global
	GlobalSection(SolutionConfigurationPlatforms) = preSolution
		Debug|Any CPU = Debug|Any CPU
		Release|Any CPU = Release|Any CPU
	EndGlobalSection
	GlobalSection(ProjectConfigurationPlatforms) = postSolution
		{163B27C1-E44B-43D3-A485-3665BC360CA1}.Debug|Any CPU.ActiveCfg = Debug|Any CPU
		{163B27C1-E44B-43D3-A485-3665BC360CA1}.Debug|Any CPU.Build.0 = Debug|Any CPU
		{163B27C1-E44B-43D3-A485-3665BC360CA1}.Release|Any CPU.ActiveCfg = Release|Any CPU
		{163B27C1-E44B-43D3-A485-3665BC360CA1}.Release|Any CPU.Build.0 = Release|Any CPU
	EndGlobalSection
	GlobalSection(SolutionProperties) = preSolution
		HideSolutionNode = FALSE
	EndGlobalSection
	GlobalSection(ExtensibilityGlobals) = postSolution
		SolutionGuid = {F73832EE-9284-4F57-92FC-D8C0E99E3E27}
	EndGlobalSection
EndGlobal
